
Microsoft Visual Studio Solution File, Format Version 12.00
# Visual Studio Version 17
VisualStudioVersion = 17.5.33103.201
MinimumVisualStudioVersion = 10.0.40219.1
Project("{9A19103F-16F7-4668-BE54-9A1E7A4F7556}") = "Model", "Model\Model.csproj", "{D205783F-DAED-4F3C-8924-906380E5E0EC}"
EndProject
Project("{9A19103F-16F7-4668-BE54-9A1E7A4F7556}") = "PhotoSharingApp", "PhotoSharingApp\PhotoSharingApp.csproj", "{A5965833-0A06-4B84-A275-8896F9980728}"
EndProject
Project("{9A19103F-16F7-4668-BE54-9A1E7A4F7556}") = "Services", "Services\Services.csproj", "{2D2EB26C-5E12-4A5E-95D0-F1174BC31E07}"
EndProject
Project("{9A19103F-16F7-4668-BE54-9A1E7A4F7556}") = "JsonlGenerator", "JsonlGenerator\JsonlGenerator.csproj", "{F7F747D4-50EA-48D2-94B0-585686200792}"
EndProject
Project("{FAE04EC0-301F-11D3-BF4B-00C04F79EFBC}") = "PhotoSharingApp.Func", "PhotoSharingApp.Func\PhotoSharingApp.Func.csproj", "{98770EA7-1A3E-40F6-A8E3-27F7D6719393}"
EndProject
Project("{FAE04EC0-301F-11D3-BF4B-00C04F79EFBC}") = "Repositories", "Repositories\Repositories.csproj", "{9A9666F8-DD96-416E-A8D9-AAB26749AA92}"
EndProject
Global
	GlobalSection(SolutionConfigurationPlatforms) = preSolution
		Debug|Any CPU = Debug|Any CPU
		Release|Any CPU = Release|Any CPU
	EndGlobalSection
	GlobalSection(ProjectConfigurationPlatforms) = postSolution
		{D205783F-DAED-4F3C-8924-906380E5E0EC}.Debug|Any CPU.ActiveCfg = Debug|Any CPU
		{D205783F-DAED-4F3C-8924-906380E5E0EC}.Debug|Any CPU.Build.0 = Debug|Any CPU
		{D205783F-DAED-4F3C-8924-906380E5E0EC}.Release|Any CPU.ActiveCfg = Release|Any CPU
		{D205783F-DAED-4F3C-8924-906380E5E0EC}.Release|Any CPU.Build.0 = Release|Any CPU
		{A5965833-0A06-4B84-A275-8896F9980728}.Debug|Any CPU.ActiveCfg = Debug|Any CPU
		{A5965833-0A06-4B84-A275-8896F9980728}.Debug|Any CPU.Build.0 = Debug|Any CPU
		{A5965833-0A06-4B84-A275-8896F9980728}.Release|Any CPU.ActiveCfg = Release|Any CPU
		{A5965833-0A06-4B84-A275-8896F9980728}.Release|Any CPU.Build.0 = Release|Any CPU
		{2D2EB26C-5E12-4A5E-95D0-F1174BC31E07}.Debug|Any CPU.ActiveCfg = Debug|Any CPU
		{2D2EB26C-5E12-4A5E-95D0-F1174BC31E07}.Debug|Any CPU.Build.0 = Debug|Any CPU
		{2D2EB26C-5E12-4A5E-95D0-F1174BC31E07}.Release|Any CPU.ActiveCfg = Release|Any CPU
		{2D2EB26C-5E12-4A5E-95D0-F1174BC31E07}.Release|Any CPU.Build.0 = Release|Any CPU
		{F7F747D4-50EA-48D2-94B0-585686200792}.Debug|Any CPU.ActiveCfg = Debug|Any CPU
		{F7F747D4-50EA-48D2-94B0-585686200792}.Debug|Any CPU.Build.0 = Debug|Any CPU
		{F7F747D4-50EA-48D2-94B0-585686200792}.Release|Any CPU.ActiveCfg = Release|Any CPU
		{F7F747D4-50EA-48D2-94B0-585686200792}.Release|Any CPU.Build.0 = Release|Any CPU
		{98770EA7-1A3E-40F6-A8E3-27F7D6719393}.Debug|Any CPU.ActiveCfg = Debug|Any CPU
		{98770EA7-1A3E-40F6-A8E3-27F7D6719393}.Debug|Any CPU.Build.0 = Debug|Any CPU
		{98770EA7-1A3E-40F6-A8E3-27F7D6719393}.Release|Any CPU.ActiveCfg = Release|Any CPU
		{98770EA7-1A3E-40F6-A8E3-27F7D6719393}.Release|Any CPU.Build.0 = Release|Any CPU
		{9A9666F8-DD96-416E-A8D9-AAB26749AA92}.Debug|Any CPU.ActiveCfg = Debug|Any CPU
		{9A9666F8-DD96-416E-A8D9-AAB26749AA92}.Debug|Any CPU.Build.0 = Debug|Any CPU
		{9A9666F8-DD96-416E-A8D9-AAB26749AA92}.Release|Any CPU.ActiveCfg = Release|Any CPU
		{9A9666F8-DD96-416E-A8D9-AAB26749AA92}.Release|Any CPU.Build.0 = Release|Any CPU
	EndGlobalSection
	GlobalSection(SolutionProperties) = preSolution
		HideSolutionNode = FALSE
	EndGlobalSection
	GlobalSection(ExtensibilityGlobals) = postSolution
		SolutionGuid = {69C061B2-5B87-4A98-B089-98CFED09307E}
	EndGlobalSection
EndGlobal
